
Microsoft Visual Studio Solution File, Format Version 12.00
# Visual Studio Version 17
VisualStudioVersion = 17.14.36401.2
MinimumVisualStudioVersion = 10.0.40219.1
Project("{FAE04EC0-301F-11D3-BF4B-00C04F79EFBC}") = "Otus_homeWork", "Otus_homeWork\Otus_homeWork.csproj", "{3C818CA3-A3BB-423E-86F6-4F46CD571121}"
	ProjectSection(ProjectDependencies) = postProject
		{089C0404-5EEA-F8D9-720E-2EAE4BBD910B} = {089C0404-5EEA-F8D9-720E-2EAE4BBD910B}
	EndProjectSection
EndProject
Project("{FAE04EC0-301F-11D3-BF4B-00C04F79EFBC}") = "Otus.ToDoList.ConsoleBot", "..\..\C-Sharp-Basic\Homeworks\05.2 ООП интерфейсы\Otus.ToDoList.ConsoleBot\Otus.ToDoList.ConsoleBot.csproj", "{089C0404-5EEA-F8D9-720E-2EAE4BBD910B}"
EndProject
Global
	GlobalSection(SolutionConfigurationPlatforms) = preSolution
		Debug|Any CPU = Debug|Any CPU
		Release|Any CPU = Release|Any CPU
	EndGlobalSection
	GlobalSection(ProjectConfigurationPlatforms) = postSolution
		{3C818CA3-A3BB-423E-86F6-4F46CD571121}.Debug|Any CPU.ActiveCfg = Debug|Any CPU
		{3C818CA3-A3BB-423E-86F6-4F46CD571121}.Debug|Any CPU.Build.0 = Debug|Any CPU
		{3C818CA3-A3BB-423E-86F6-4F46CD571121}.Release|Any CPU.ActiveCfg = Release|Any CPU
		{3C818CA3-A3BB-423E-86F6-4F46CD571121}.Release|Any CPU.Build.0 = Release|Any CPU
		{089C0404-5EEA-F8D9-720E-2EAE4BBD910B}.Debug|Any CPU.ActiveCfg = Debug|Any CPU
		{089C0404-5EEA-F8D9-720E-2EAE4BBD910B}.Debug|Any CPU.Build.0 = Debug|Any CPU
		{089C0404-5EEA-F8D9-720E-2EAE4BBD910B}.Release|Any CPU.ActiveCfg = Release|Any CPU
		{089C0404-5EEA-F8D9-720E-2EAE4BBD910B}.Release|Any CPU.Build.0 = Release|Any CPU
	EndGlobalSection
	GlobalSection(SolutionProperties) = preSolution
		HideSolutionNode = FALSE
	EndGlobalSection
	GlobalSection(ExtensibilityGlobals) = postSolution
		SolutionGuid = {30E6F10A-D6D2-4CA6-AAD7-E934B6E49A7D}
	EndGlobalSection
EndGlobal
